Microsoft Visual Studio Solution File, Format Version 11.00
# Visual Studio 2008

Project("{53326F05-C6F4-DF5A-3A97-05F04F77D19E}") = "New-Unity-Project", "Assembly-CSharp-firstpass.csproj", "{83D95FA1-9887-0F23-C41B-664A3788A2E8}"
EndProject
Project("{53326F05-C6F4-DF5A-3A97-05F04F77D19E}") = "New-Unity-Project", "Assembly-CSharp.csproj", "{C9DD0913-8C5E-8022-D26B-19159E3E69A2}"
EndProject
Project("{53326F05-C6F4-DF5A-3A97-05F04F77D19E}") = "New-Unity-Project", "Assembly-CSharp-Editor.csproj", "{8EBF3123-D179-D757-F795-2C3C9B45786C}"
EndProject
Project("{53326F05-C6F4-DF5A-3A97-05F04F77D19E}") = "New-Unity-Project", "Assembly-UnityScript-firstpass.unityproj", "{35F181E0-97A3-6B07-6A28-FBC0F6845B60}"
EndProject
Project("{53326F05-C6F4-DF5A-3A97-05F04F77D19E}") = "New-Unity-Project", "Assembly-UnityScript.unityproj", "{22362205-AA8C-95E2-8AF7-B7E24358C645}"
EndProject
Global
	GlobalSection(SolutionConfigurationPlatforms) = preSolution
		Debug|Any CPU = Debug|Any CPU
		Release|Any CPU = Release|Any CPU
	EndGlobalSection
	GlobalSection(ProjectConfigurationPlatforms) = postSolution
		{83D95FA1-9887-0F23-C41B-664A3788A2E8}.Debug|Any CPU.ActiveCfg = Debug|Any CPU
		{83D95FA1-9887-0F23-C41B-664A3788A2E8}.Debug|Any CPU.Build.0 = Debug|Any CPU
		{83D95FA1-9887-0F23-C41B-664A3788A2E8}.Release|Any CPU.ActiveCfg = Release|Any CPU
		{83D95FA1-9887-0F23-C41B-664A3788A2E8}.Release|Any CPU.Build.0 = Release|Any CPU
		{C9DD0913-8C5E-8022-D26B-19159E3E69A2}.Debug|Any CPU.ActiveCfg = Debug|Any CPU
		{C9DD0913-8C5E-8022-D26B-19159E3E69A2}.Debug|Any CPU.Build.0 = Debug|Any CPU
		{C9DD0913-8C5E-8022-D26B-19159E3E69A2}.Release|Any CPU.ActiveCfg = Release|Any CPU
		{C9DD0913-8C5E-8022-D26B-19159E3E69A2}.Release|Any CPU.Build.0 = Release|Any CPU
		{8EBF3123-D179-D757-F795-2C3C9B45786C}.Debug|Any CPU.ActiveCfg = Debug|Any CPU
		{8EBF3123-D179-D757-F795-2C3C9B45786C}.Debug|Any CPU.Build.0 = Debug|Any CPU
		{8EBF3123-D179-D757-F795-2C3C9B45786C}.Release|Any CPU.ActiveCfg = Release|Any CPU
		{8EBF3123-D179-D757-F795-2C3C9B45786C}.Release|Any CPU.Build.0 = Release|Any CPU
		{35F181E0-97A3-6B07-6A28-FBC0F6845B60}.Debug|Any CPU.ActiveCfg = Debug|Any CPU
		{35F181E0-97A3-6B07-6A28-FBC0F6845B60}.Debug|Any CPU.Build.0 = Debug|Any CPU
		{35F181E0-97A3-6B07-6A28-FBC0F6845B60}.Release|Any CPU.ActiveCfg = Release|Any CPU
		{35F181E0-97A3-6B07-6A28-FBC0F6845B60}.Release|Any CPU.Build.0 = Release|Any CPU
		{22362205-AA8C-95E2-8AF7-B7E24358C645}.Debug|Any CPU.ActiveCfg = Debug|Any CPU
		{22362205-AA8C-95E2-8AF7-B7E24358C645}.Debug|Any CPU.Build.0 = Debug|Any CPU
		{22362205-AA8C-95E2-8AF7-B7E24358C645}.Release|Any CPU.ActiveCfg = Release|Any CPU
		{22362205-AA8C-95E2-8AF7-B7E24358C645}.Release|Any CPU.Build.0 = Release|Any CPU
	EndGlobalSection
	GlobalSection(SolutionProperties) = preSolution
		HideSolutionNode = FALSE
	EndGlobalSection
																															GlobalSection(MonoDevelopProperties) = preSolution
		StartupItem = Assembly-CSharp.csproj
		Policies = $0
		$0.TextStylePolicy = $1
		$1.inheritsSet = null
		$1.scope = text/x-csharp
		$0.CSharpFormattingPolicy = $2
		$2.inheritsSet = Mono
		$2.inheritsScope = text/x-csharp
		$2.scope = text/x-csharp
		$0.TextStylePolicy = $3
		$3.FileWidth = 120
		$3.TabWidth = 4
		$3.EolMarker = Unix
		$3.inheritsSet = Mono
		$3.inheritsScope = text/plain
		$3.scope = text/plain
	EndGlobalSection

EndGlobal
